PODS:
  - FloatingPanel (2.6.1)
  - GoogleMaps (7.4.0):
    - GoogleMaps/Maps (= 7.4.0)
  - GoogleMaps/Base (7.4.0)
  - GoogleMaps/Maps (7.4.0):
    - GoogleMaps/Base
  - Magnetic (3.3.1)
  - SDWebImage (5.12.5):
    - SDWebImage/Core (= 5.12.5)
  - SDWebImage/Core (5.12.5)

DEPENDENCIES:
  - FloatingPanel
  - GoogleMaps
  - Magnetic
  - SDWebImage (~> 5.0)

SPEC REPOS:
  trunk:
    - FloatingPanel
    - GoogleMaps
    - Magnetic
    - SDWebImage

SPEC CHECKSUMS:
  FloatingPanel: de6bb891912ede28da7b1140f7b583c474fec28a
  GoogleMaps: 032f676450ba0779bd8ce16840690915f84e57ac
  Magnetic: 71bdf9e4a396626dcee498e796f8dc09446fbd86
  SDWebImage: 0905f1b7760fc8ac4198cae0036600d67478751e

PODFILE CHECKSUM: 34f6bd421a6b1528e016769e8a562bf0ab0f3afa

COCOAPODS: 1.12.0
